
Microsoft Visual Studio Solution File, Format Version 12.00
# Visual Studio Version 17
VisualStudioVersion = 17.4.33403.182
MinimumVisualStudioVersion = 10.0.40219.1
Project("{FAE04EC0-301F-11D3-BF4B-00C04F79EFBC}") = "ConsoleApp1", "ConsoleApp1\ConsoleApp1.csproj", "{3A6FC5E5-CC71-4919-9DEF-1E7768169B04}"
EndProject
Project("{2150E333-8FDC-42A3-9474-1A3956D46DE8}") = "Solution Items", "Solution Items", "{3E2319D5-05D5-4536-AE7D-0BC5F32E5F71}"
	ProjectSection(SolutionItems) = preProject
		.editorconfig = .editorconfig
	EndProjectSection
EndProject
Global
	GlobalSection(SolutionConfigurationPlatforms) = preSolution
		Debug|Any CPU = Debug|Any CPU
		Release|Any CPU = Release|Any CPU
	EndGlobalSection
	GlobalSection(ProjectConfigurationPlatforms) = postSolution
		{3A6FC5E5-CC71-4919-9DEF-1E7768169B04}.Debug|Any CPU.ActiveCfg = Debug|Any CPU
		{3A6FC5E5-CC71-4919-9DEF-1E7768169B04}.Debug|Any CPU.Build.0 = Debug|Any CPU
		{3A6FC5E5-CC71-4919-9DEF-1E7768169B04}.Release|Any CPU.ActiveCfg = Release|Any CPU
		{3A6FC5E5-CC71-4919-9DEF-1E7768169B04}.Release|Any CPU.Build.0 = Release|Any CPU
	EndGlobalSection
	GlobalSection(SolutionProperties) = preSolution
		HideSolutionNode = FALSE
	EndGlobalSection
	GlobalSection(ExtensibilityGlobals) = postSolution
		SolutionGuid = {501E9E3C-870F-4908-98A9-2C7D02569B00}
	EndGlobalSection
EndGlobal
